dependencies:
- name: artifactory-ha
  repository: https://charts.jfrog.io
  version: 2.5.0
- name: xray
  repository: https://partnership.jfrog.io/artifactory/artifactory7-partnership-helm/
  version: 3.3.2
digest: sha256:0adced42ac801c569645fd0125a756a1e0913307e0a86a10ea419870378a0596
generated: "2020-06-15T19:39:26.889643243Z"
